
Microsoft Visual Studio Solution File, Format Version 12.00
# Visual Studio Version 17
VisualStudioVersion = 17.8.34330.188
MinimumVisualStudioVersion = 10.0.40219.1
Project("{FAE04EC0-301F-11D3-BF4B-00C04F79EFBC}") = "App.GRRInnovations.MindfulZen", "App.GRRInnovations.MindfulZen.csproj", "{F902B8B4-8E1D-43B4-BEB7-EB6EBB11FF96}"
EndProject
Global
	GlobalSection(SolutionConfigurationPlatforms) = preSolution
		Debug|Any CPU = Debug|Any CPU
		Release|Any CPU = Release|Any CPU
	EndGlobalSection
	GlobalSection(ProjectConfigurationPlatforms) = postSolution
		{F902B8B4-8E1D-43B4-BEB7-EB6EBB11FF96}.Debug|Any CPU.ActiveCfg = Debug|Any CPU
		{F902B8B4-8E1D-43B4-BEB7-EB6EBB11FF96}.Debug|Any CPU.Build.0 = Debug|Any CPU
		{F902B8B4-8E1D-43B4-BEB7-EB6EBB11FF96}.Debug|Any CPU.Deploy.0 = Debug|Any CPU
		{F902B8B4-8E1D-43B4-BEB7-EB6EBB11FF96}.Release|Any CPU.ActiveCfg = Release|Any CPU
		{F902B8B4-8E1D-43B4-BEB7-EB6EBB11FF96}.Release|Any CPU.Build.0 = Release|Any CPU
		{F902B8B4-8E1D-43B4-BEB7-EB6EBB11FF96}.Release|Any CPU.Deploy.0 = Release|Any CPU
	EndGlobalSection
	GlobalSection(SolutionProperties) = preSolution
		HideSolutionNode = FALSE
	EndGlobalSection
	GlobalSection(ExtensibilityGlobals) = postSolution
		SolutionGuid = {D1BAA8F6-0AEC-4F55-A249-E7A4AF8E3737}
	EndGlobalSection
EndGlobal
